
Microsoft Visual Studio Solution File, Format Version 12.00
# Visual Studio 14
VisualStudioVersion = 14.0.25420.1
MinimumVisualStudioVersion = 10.0.40219.1
Project("{FAE04EC0-301F-11D3-BF4B-00C04F79EFBC}") = "PatientData", "PatientData\PatientData.csproj", "{D50F5CC0-4F62-47BB-AC38-CA8CF4A28BDD}"
EndProject
Project("{FAE04EC0-301F-11D3-BF4B-00C04F79EFBC}") = "CorsClient", "CorsClient\CorsClient.csproj", "{55ACBF8C-1AC8-42D7-88DC-B9A44BD41B80}"
EndProject
Project("{FAE04EC0-301F-11D3-BF4B-00C04F79EFBC}") = "Spa", "Spa\Spa.csproj", "{D6696CD1-C7E8-48A1-94C7-AD2F5CC26179}"
EndProject
Global
	GlobalSection(SolutionConfigurationPlatforms) = preSolution
		Debug|Any CPU = Debug|Any CPU
		Release|Any CPU = Release|Any CPU
	EndGlobalSection
	GlobalSection(ProjectConfigurationPlatforms) = postSolution
		{D50F5CC0-4F62-47BB-AC38-CA8CF4A28BDD}.Debug|Any CPU.ActiveCfg = Debug|Any CPU
		{D50F5CC0-4F62-47BB-AC38-CA8CF4A28BDD}.Debug|Any CPU.Build.0 = Debug|Any CPU
		{D50F5CC0-4F62-47BB-AC38-CA8CF4A28BDD}.Release|Any CPU.ActiveCfg = Release|Any CPU
		{D50F5CC0-4F62-47BB-AC38-CA8CF4A28BDD}.Release|Any CPU.Build.0 = Release|Any CPU
		{55ACBF8C-1AC8-42D7-88DC-B9A44BD41B80}.Debug|Any CPU.ActiveCfg = Debug|Any CPU
		{55ACBF8C-1AC8-42D7-88DC-B9A44BD41B80}.Debug|Any CPU.Build.0 = Debug|Any CPU
		{55ACBF8C-1AC8-42D7-88DC-B9A44BD41B80}.Release|Any CPU.ActiveCfg = Release|Any CPU
		{55ACBF8C-1AC8-42D7-88DC-B9A44BD41B80}.Release|Any CPU.Build.0 = Release|Any CPU
		{D6696CD1-C7E8-48A1-94C7-AD2F5CC26179}.Debug|Any CPU.ActiveCfg = Debug|Any CPU
		{D6696CD1-C7E8-48A1-94C7-AD2F5CC26179}.Debug|Any CPU.Build.0 = Debug|Any CPU
		{D6696CD1-C7E8-48A1-94C7-AD2F5CC26179}.Release|Any CPU.ActiveCfg = Release|Any CPU
		{D6696CD1-C7E8-48A1-94C7-AD2F5CC26179}.Release|Any CPU.Build.0 = Release|Any CPU
	EndGlobalSection
	GlobalSection(SolutionProperties) = preSolution
		HideSolutionNode = FALSE
	EndGlobalSection
EndGlobal
