
Microsoft Visual Studio Solution File, Format Version 12.00
# Visual Studio 14
VisualStudioVersion = 14.0.25420.1
MinimumVisualStudioVersion = 10.0.40219.1
Project("{FAE04EC0-301F-11D3-BF4B-00C04F79EFBC}") = "Orders.Domain", "Orders.Domain\Orders.Domain.csproj", "{72ED6507-1E43-4ECD-AD99-C228E2CA912F}"
EndProject
Project("{FAE04EC0-301F-11D3-BF4B-00C04F79EFBC}") = "Orders.Web", "Orders.Web\Orders.Web.csproj", "{3FCFAC5E-8B26-4B4F-9199-F34B244C92EC}"
EndProject
Global
	GlobalSection(SolutionConfigurationPlatforms) = preSolution
		Debug|Any CPU = Debug|Any CPU
		Release|Any CPU = Release|Any CPU
	EndGlobalSection
	GlobalSection(ProjectConfigurationPlatforms) = postSolution
		{72ED6507-1E43-4ECD-AD99-C228E2CA912F}.Debug|Any CPU.ActiveCfg = Debug|Any CPU
		{72ED6507-1E43-4ECD-AD99-C228E2CA912F}.Debug|Any CPU.Build.0 = Debug|Any CPU
		{72ED6507-1E43-4ECD-AD99-C228E2CA912F}.Release|Any CPU.ActiveCfg = Release|Any CPU
		{72ED6507-1E43-4ECD-AD99-C228E2CA912F}.Release|Any CPU.Build.0 = Release|Any CPU
		{3FCFAC5E-8B26-4B4F-9199-F34B244C92EC}.Debug|Any CPU.ActiveCfg = Debug|Any CPU
		{3FCFAC5E-8B26-4B4F-9199-F34B244C92EC}.Debug|Any CPU.Build.0 = Debug|Any CPU
		{3FCFAC5E-8B26-4B4F-9199-F34B244C92EC}.Release|Any CPU.ActiveCfg = Release|Any CPU
		{3FCFAC5E-8B26-4B4F-9199-F34B244C92EC}.Release|Any CPU.Build.0 = Release|Any CPU
	EndGlobalSection
	GlobalSection(SolutionProperties) = preSolution
		HideSolutionNode = FALSE
	EndGlobalSection
EndGlobal
