
Microsoft Visual Studio Solution File, Format Version 12.00
# Visual Studio 14
VisualStudioVersion = 14.0.25420.1
MinimumVisualStudioVersion = 10.0.40219.1
Project("{FAE04EC0-301F-11D3-BF4B-00C04F79EFBC}") = "EvalServiceLibrary", "EvalServiceLibrary\EvalServiceLibrary.csproj", "{7FF301B9-1BE3-4989-85D6-142281AFA0C5}"
EndProject
Project("{FAE04EC0-301F-11D3-BF4B-00C04F79EFBC}") = "Client", "Client\Client.csproj", "{34688A19-6538-4D2D-8F63-222141239E31}"
	ProjectSection(ProjectDependencies) = postProject
		{7FF301B9-1BE3-4989-85D6-142281AFA0C5} = {7FF301B9-1BE3-4989-85D6-142281AFA0C5}
	EndProjectSection
EndProject
Global
	GlobalSection(SolutionConfigurationPlatforms) = preSolution
		Debug|Any CPU = Debug|Any CPU
		Release|Any CPU = Release|Any CPU
	EndGlobalSection
	GlobalSection(ProjectConfigurationPlatforms) = postSolution
		{7FF301B9-1BE3-4989-85D6-142281AFA0C5}.Debug|Any CPU.ActiveCfg = Debug|Any CPU
		{7FF301B9-1BE3-4989-85D6-142281AFA0C5}.Debug|Any CPU.Build.0 = Debug|Any CPU
		{7FF301B9-1BE3-4989-85D6-142281AFA0C5}.Release|Any CPU.ActiveCfg = Release|Any CPU
		{7FF301B9-1BE3-4989-85D6-142281AFA0C5}.Release|Any CPU.Build.0 = Release|Any CPU
		{34688A19-6538-4D2D-8F63-222141239E31}.Debug|Any CPU.ActiveCfg = Debug|Any CPU
		{34688A19-6538-4D2D-8F63-222141239E31}.Debug|Any CPU.Build.0 = Debug|Any CPU
		{34688A19-6538-4D2D-8F63-222141239E31}.Release|Any CPU.ActiveCfg = Release|Any CPU
		{34688A19-6538-4D2D-8F63-222141239E31}.Release|Any CPU.Build.0 = Release|Any CPU
	EndGlobalSection
	GlobalSection(SolutionProperties) = preSolution
		HideSolutionNode = FALSE
	EndGlobalSection
EndGlobal
